
Microsoft Visual Studio Solution File, Format Version 12.00
# Visual Studio Version 17
VisualStudioVersion = 17.11.35312.102
MinimumVisualStudioVersion = 10.0.40219.1
Project("{FAE04EC0-301F-11D3-BF4B-00C04F79EFBC}") = "Soledad_Cabrera_Taller_1_deportes", "Soledad_Cabrera_Taller_1_deportes\Soledad_Cabrera_Taller_1_deportes.csproj", "{0EFABDD1-A2A7-4EB6-B0EE-D8FF687A64FE}"
EndProject
Global
	GlobalSection(SolutionConfigurationPlatforms) = preSolution
		Debug|Any CPU = Debug|Any CPU
		Release|Any CPU = Release|Any CPU
	EndGlobalSection
	GlobalSection(ProjectConfigurationPlatforms) = postSolution
		{0EFABDD1-A2A7-4EB6-B0EE-D8FF687A64FE}.Debug|Any CPU.ActiveCfg = Debug|Any CPU
		{0EFABDD1-A2A7-4EB6-B0EE-D8FF687A64FE}.Debug|Any CPU.Build.0 = Debug|Any CPU
		{0EFABDD1-A2A7-4EB6-B0EE-D8FF687A64FE}.Release|Any CPU.ActiveCfg = Release|Any CPU
		{0EFABDD1-A2A7-4EB6-B0EE-D8FF687A64FE}.Release|Any CPU.Build.0 = Release|Any CPU
	EndGlobalSection
	GlobalSection(SolutionProperties) = preSolution
		HideSolutionNode = FALSE
	EndGlobalSection
	GlobalSection(ExtensibilityGlobals) = postSolution
		SolutionGuid = {91673BC0-334D-4E02-82C1-365007809251}
	EndGlobalSection
EndGlobal
